// !$*UTF8*$!
{
	archiveVersion = 1;
	classes = {
	};
	objectVersion = 46;
	objects = {

/* Begin PBXBuildFile section */
		603FFA301AFE098C007D747D /* AppDelegate.swift in Sources */ = {isa = PBXBuildFile; fileRef = 603FFA2F1AFE098C007D747D /* AppDelegate.swift */; };
		603FFA371AFE098C007D747D /* Images.xcassets in Resources */ = {isa = PBXBuildFile; fileRef = 603FFA361AFE098C007D747D /* Images.xcassets */; };
		603FFA3A1AFE098C007D747D /* LaunchScreen.xib in Resources */ = {isa = PBXBuildFile; fileRef = 603FFA381AFE098C007D747D /* LaunchScreen.xib */; };
		603FFA461AFE098D007D747D /* SwiftWarsTests.swift in Sources */ = {isa = PBXBuildFile; fileRef = 603FFA451AFE098D007D747D /* SwiftWarsTests.swift */; };
		603FFA501AFE0AD1007D747D /* SwiftWarsCharacter.swift in Sources */ = {isa = PBXBuildFile; fileRef = 603FFA4F1AFE0AD1007D747D /* SwiftWarsCharacter.swift */; };
		603FFA5A1AFE0F47007D747D /* c3po.jpg in Resources */ = {isa = PBXBuildFile; fileRef = 603FFA531AFE0F47007D747D /* c3po.jpg */; };
		603FFA5B1AFE0F47007D747D /* chewbacca.jpg in Resources */ = {isa = PBXBuildFile; fileRef = 603FFA541AFE0F47007D747D /* chewbacca.jpg */; };
		603FFA5C1AFE0F47007D747D /* darthVader.jpg in Resources */ = {isa = PBXBuildFile; fileRef = 603FFA551AFE0F47007D747D /* darthVader.jpg */; };
		603FFA5D1AFE0F47007D747D /* palpatine.jpg in Resources */ = {isa = PBXBuildFile; fileRef = 603FFA561AFE0F47007D747D /* palpatine.jpg */; };
		603FFA5E1AFE0F47007D747D /* R2-D2.jpg in Resources */ = {isa = PBXBuildFile; fileRef = 603FFA571AFE0F47007D747D /* R2-D2.jpg */; };
		603FFA5F1AFE0F47007D747D /* tarkin.jpg in Resources */ = {isa = PBXBuildFile; fileRef = 603FFA581AFE0F47007D747D /* tarkin.jpg */; };
		603FFA601AFE0F47007D747D /* yoda.jpg in Resources */ = {isa = PBXBuildFile; fileRef = 603FFA591AFE0F47007D747D /* yoda.jpg */; };
		603FFA721AFE6213007D747D /* CharacterViewController.swift in Sources */ = {isa = PBXBuildFile; fileRef = 603FFA701AFE6213007D747D /* CharacterViewController.swift */; };
		603FFA731AFE6213007D747D /* CharacterViewController.xib in Resources */ = {isa = PBXBuildFile; fileRef = 603FFA711AFE6213007D747D /* CharacterViewController.xib */; };
		603FFA7C1AFE852B007D747D /* c3po.caf in Resources */ = {isa = PBXBuildFile; fileRef = 603FFA751AFE852B007D747D /* c3po.caf */; };
		603FFA7D1AFE852B007D747D /* chewbacca.caf in Resources */ = {isa = PBXBuildFile; fileRef = 603FFA761AFE852B007D747D /* chewbacca.caf */; };
		603FFA7E1AFE852B007D747D /* palpatine.caf in Resources */ = {isa = PBXBuildFile; fileRef = 603FFA771AFE852B007D747D /* palpatine.caf */; };
		603FFA7F1AFE852B007D747D /* r2-d2.caf in Resources */ = {isa = PBXBuildFile; fileRef = 603FFA781AFE852B007D747D /* r2-d2.caf */; };
		603FFA801AFE852B007D747D /* tarkin.caf in Resources */ = {isa = PBXBuildFile; fileRef = 603FFA791AFE852B007D747D /* tarkin.caf */; };
		603FFA811AFE852B007D747D /* vader.caf in Resources */ = {isa = PBXBuildFile; fileRef = 603FFA7A1AFE852B007D747D /* vader.caf */; };
		603FFA821AFE852B007D747D /* yoda.caf in Resources */ = {isa = PBXBuildFile; fileRef = 603FFA7B1AFE852B007D747D /* yoda.caf */; };
/* End PBXBuildFile section */

/* Begin PBXContainerItemProxy section */
		603FFA401AFE098D007D747D /* PBXContainerItemProxy */ = {
			isa = PBXContainerItemProxy;
			containerPortal = 603FFA221AFE098C007D747D /* Project object */;
			proxyType = 1;
			remoteGlobalIDString = 603FFA291AFE098C007D747D;
			remoteInfo = SwiftWars;
		};
/* End PBXContainerItemProxy section */

/* Begin PBXFileReference section */
		603FFA2A1AFE098C007D747D /* SwiftWars.app */ = {isa = PBXFileReference; explicitFileType = wrapper.application; includeInIndex = 0; path = SwiftWars.app; sourceTree = BUILT_PRODUCTS_DIR; };
		603FFA2E1AFE098C007D747D /* Info.plist */ = {isa = PBXFileReference; lastKnownFileType = text.plist.xml; path = Info.plist; sourceTree = "<group>"; };
		603FFA2F1AFE098C007D747D /* AppDelegate.swift */ = {isa = PBXFileReference; lastKnownFileType = sourcecode.swift; path = AppDelegate.swift; sourceTree = "<group>"; };
		603FFA361AFE098C007D747D /* Images.xcassets */ = {isa = PBXFileReference; lastKnownFileType = folder.assetcatalog; path = Images.xcassets; sourceTree = "<group>"; };
		603FFA391AFE098C007D747D /* Base */ = {isa = PBXFileReference; lastKnownFileType = file.xib; name = Base; path = Base.lproj/LaunchScreen.xib; sourceTree = "<group>"; };
		603FFA3F1AFE098D007D747D /* SwiftWarsTests.xctest */ = {isa = PBXFileReference; explicitFileType = wrapper.cfbundle; includeInIndex = 0; path = SwiftWarsTests.xctest; sourceTree = BUILT_PRODUCTS_DIR; };
		603FFA441AFE098D007D747D /* Info.plist */ = {isa = PBXFileReference; lastKnownFileType = text.plist.xml; path = Info.plist; sourceTree = "<group>"; };
		603FFA451AFE098D007D747D /* SwiftWarsTests.swift */ = {isa = PBXFileReference; lastKnownFileType = sourcecode.swift; path = SwiftWarsTests.swift; sourceTree = "<group>"; };
		603FFA4F1AFE0AD1007D747D /* SwiftWarsCharacter.swift */ = {isa = PBXFileReference; fileEncoding = 4; lastKnownFileType = sourcecode.swift; path = SwiftWarsCharacter.swift; sourceTree = "<group>"; };
		603FFA531AFE0F47007D747D /* c3po.jpg */ = {isa = PBXFileReference; lastKnownFileType = image.jpeg; path = c3po.jpg; sourceTree = "<group>"; };
		603FFA541AFE0F47007D747D /* chewbacca.jpg */ = {isa = PBXFileReference; lastKnownFileType = image.jpeg; path = chewbacca.jpg; sourceTree = "<group>"; };
		603FFA551AFE0F47007D747D /* darthVader.jpg */ = {isa = PBXFileReference; lastKnownFileType = image.jpeg; path = darthVader.jpg; sourceTree = "<group>"; };
		603FFA561AFE0F47007D747D /* palpatine.jpg */ = {isa = PBXFileReference; lastKnownFileType = image.jpeg; path = palpatine.jpg; sourceTree = "<group>"; };
		603FFA571AFE0F47007D747D /* R2-D2.jpg */ = {isa = PBXFileReference; lastKnownFileType = image.jpeg; path = "R2-D2.jpg"; sourceTree = "<group>"; };
		603FFA581AFE0F47007D747D /* tarkin.jpg */ = {isa = PBXFileReference; lastKnownFileType = image.jpeg; path = tarkin.jpg; sourceTree = "<group>"; };
		603FFA591AFE0F47007D747D /* yoda.jpg */ = {isa = PBXFileReference; lastKnownFileType = image.jpeg; path = yoda.jpg; sourceTree = "<group>"; };
		603FFA701AFE6213007D747D /* CharacterViewController.swift */ = {isa = PBXFileReference; fileEncoding = 4; lastKnownFileType = sourcecode.swift; path = CharacterViewController.swift; sourceTree = "<group>"; };
		603FFA711AFE6213007D747D /* CharacterViewController.xib */ = {isa = PBXFileReference; fileEncoding = 4; lastKnownFileType = file.xib; path = CharacterViewController.xib; sourceTree = "<group>"; };
		603FFA751AFE852B007D747D /* c3po.caf */ = {isa = PBXFileReference; lastKnownFileType = file; path = c3po.caf; sourceTree = "<group>"; };
		603FFA761AFE852B007D747D /* chewbacca.caf */ = {isa = PBXFileReference; lastKnownFileType = file; path = chewbacca.caf; sourceTree = "<group>"; };
		603FFA771AFE852B007D747D /* palpatine.caf */ = {isa = PBXFileReference; lastKnownFileType = file; path = palpatine.caf; sourceTree = "<group>"; };
		603FFA781AFE852B007D747D /* r2-d2.caf */ = {isa = PBXFileReference; lastKnownFileType = file; path = "r2-d2.caf"; sourceTree = "<group>"; };
		603FFA791AFE852B007D747D /* tarkin.caf */ = {isa = PBXFileReference; lastKnownFileType = file; path = tarkin.caf; sourceTree = "<group>"; };
		603FFA7A1AFE852B007D747D /* vader.caf */ = {isa = PBXFileReference; lastKnownFileType = file; path = vader.caf; sourceTree = "<group>"; };
		603FFA7B1AFE852B007D747D /* yoda.caf */ = {isa = PBXFileReference; lastKnownFileType = file; path = yoda.caf; sourceTree = "<group>"; };
/* End PBXFileReference section */

/* Begin PBXFrameworksBuildPhase section */
		603FFA271AFE098C007D747D /* Frameworks */ = {
			isa = PBXFrameworksBuildPhase;
			buildActionMask = 2147483647;
			files = (
			);
			runOnlyForDeploymentPostprocessing = 0;
		};
		603FFA3C1AFE098D007D747D /* Frameworks */ = {
			isa = PBXFrameworksBuildPhase;
			buildActionMask = 2147483647;
			files = (
			);
			runOnlyForDeploymentPostprocessing = 0;
		};
/* End PBXFrameworksBuildPhase section */

/* Begin PBXGroup section */
		603FFA211AFE098C007D747D = {
			isa = PBXGroup;
			children = (
				603FFA2C1AFE098C007D747D /* SwiftWars */,
				603FFA421AFE098D007D747D /* SwiftWarsTests */,
				603FFA2B1AFE098C007D747D /* Products */,
			);
			sourceTree = "<group>";
		};
		603FFA2B1AFE098C007D747D /* Products */ = {
			isa = PBXGroup;
			children = (
				603FFA2A1AFE098C007D747D /* SwiftWars.app */,
				603FFA3F1AFE098D007D747D /* SwiftWarsTests.xctest */,
			);
			name = Products;
			sourceTree = "<group>";
		};
		603FFA2C1AFE098C007D747D /* SwiftWars */ = {
			isa = PBXGroup;
			children = (
				603FFA521AFE0F22007D747D /* Resources */,
				603FFA511AFE0ADD007D747D /* Models */,
				603FFA741AFE621A007D747D /* Controllers */,
				603FFA2F1AFE098C007D747D /* AppDelegate.swift */,
				603FFA361AFE098C007D747D /* Images.xcassets */,
				603FFA381AFE098C007D747D /* LaunchScreen.xib */,
				603FFA2D1AFE098C007D747D /* Supporting Files */,
			);
			path = SwiftWars;
			sourceTree = "<group>";
		};
		603FFA2D1AFE098C007D747D /* Supporting Files */ = {
			isa = PBXGroup;
			children = (
				603FFA2E1AFE098C007D747D /* Info.plist */,
			);
			name = "Supporting Files";
			sourceTree = "<group>";
		};
		603FFA421AFE098D007D747D /* SwiftWarsTests */ = {
			isa = PBXGroup;
			children = (
				603FFA451AFE098D007D747D /* SwiftWarsTests.swift */,
				603FFA431AFE098D007D747D /* Supporting Files */,
			);
			path = SwiftWarsTests;
			sourceTree = "<group>";
		};
		603FFA431AFE098D007D747D /* Supporting Files */ = {
			isa = PBXGroup;
			children = (
				603FFA441AFE098D007D747D /* Info.plist */,
			);
			name = "Supporting Files";
			sourceTree = "<group>";
		};
		603FFA511AFE0ADD007D747D /* Models */ = {
			isa = PBXGroup;
			children = (
				603FFA4F1AFE0AD1007D747D /* SwiftWarsCharacter.swift */,
			);
			name = Models;
			sourceTree = "<group>";
		};
		603FFA521AFE0F22007D747D /* Resources */ = {
			isa = PBXGroup;
			children = (
				603FFA751AFE852B007D747D /* c3po.caf */,
				603FFA761AFE852B007D747D /* chewbacca.caf */,
				603FFA771AFE852B007D747D /* palpatine.caf */,
				603FFA781AFE852B007D747D /* r2-d2.caf */,
				603FFA791AFE852B007D747D /* tarkin.caf */,
				603FFA7A1AFE852B007D747D /* vader.caf */,
				603FFA7B1AFE852B007D747D /* yoda.caf */,
				603FFA531AFE0F47007D747D /* c3po.jpg */,
				603FFA541AFE0F47007D747D /* chewbacca.jpg */,
				603FFA551AFE0F47007D747D /* darthVader.jpg */,
				603FFA561AFE0F47007D747D /* palpatine.jpg */,
				603FFA571AFE0F47007D747D /* R2-D2.jpg */,
				603FFA581AFE0F47007D747D /* tarkin.jpg */,
				603FFA591AFE0F47007D747D /* yoda.jpg */,
			);
			name = Resources;
			sourceTree = "<group>";
		};
		603FFA741AFE621A007D747D /* Controllers */ = {
			isa = PBXGroup;
			children = (
				603FFA701AFE6213007D747D /* CharacterViewController.swift */,
				603FFA711AFE6213007D747D /* CharacterViewController.xib */,
			);
			name = Controllers;
			sourceTree = "<group>";
		};
/* End PBXGroup section */

/* Begin PBXNativeTarget section */
		603FFA291AFE098C007D747D /* SwiftWars */ = {
			isa = PBXNativeTarget;
			buildConfigurationList = 603FFA491AFE098D007D747D /* Build configuration list for PBXNativeTarget "SwiftWars" */;
			buildPhases = (
				603FFA261AFE098C007D747D /* Sources */,
				603FFA271AFE098C007D747D /* Frameworks */,
				603FFA281AFE098C007D747D /* Resources */,
			);
			buildRules = (
			);
			dependencies = (
			);
			name = SwiftWars;
			productName = SwiftWars;
			productReference = 603FFA2A1AFE098C007D747D /* SwiftWars.app */;
			productType = "com.apple.product-type.application";
		};
		603FFA3E1AFE098D007D747D /* SwiftWarsTests */ = {
			isa = PBXNativeTarget;
			buildConfigurationList = 603FFA4C1AFE098D007D747D /* Build configuration list for PBXNativeTarget "SwiftWarsTests" */;
			buildPhases = (
				603FFA3B1AFE098D007D747D /* Sources */,
				603FFA3C1AFE098D007D747D /* Frameworks */,
				603FFA3D1AFE098D007D747D /* Resources */,
			);
			buildRules = (
			);
			dependencies = (
				603FFA411AFE098D007D747D /* PBXTargetDependency */,
			);
			name = SwiftWarsTests;
			productName = SwiftWarsTests;
			productReference = 603FFA3F1AFE098D007D747D /* SwiftWarsTests.xctest */;
			productType = "com.apple.product-type.bundle.unit-test";
		};
/* End PBXNativeTarget section */

/* Begin PBXProject section */
		603FFA221AFE098C007D747D /* Project object */ = {
			isa = PBXProject;
			attributes = {
				LastUpgradeCheck = 0630;
				ORGANIZATIONNAME = "Luis M Tolosana Simon";
				TargetAttributes = {
					603FFA291AFE098C007D747D = {
						CreatedOnToolsVersion = 6.3.1;
					};
					603FFA3E1AFE098D007D747D = {
						CreatedOnToolsVersion = 6.3.1;
						TestTargetID = 603FFA291AFE098C007D747D;
					};
				};
			};
			buildConfigurationList = 603FFA251AFE098C007D747D /* Build configuration list for PBXProject "SwiftWars" */;
			compatibilityVersion = "Xcode 3.2";
			developmentRegion = English;
			hasScannedForEncodings = 0;
			knownRegions = (
				en,
				Base,
			);
			mainGroup = 603FFA211AFE098C007D747D;
			productRefGroup = 603FFA2B1AFE098C007D747D /* Products */;
			projectDirPath = "";
			projectRoot = "";
			targets = (
				603FFA291AFE098C007D747D /* SwiftWars */,
				603FFA3E1AFE098D007D747D /* SwiftWarsTests */,
			);
		};
/* End PBXProject section */

/* Begin PBXResourcesBuildPhase section */
		603FFA281AFE098C007D747D /* Resources */ = {
			isa = PBXResourcesBuildPhase;
			buildActionMask = 2147483647;
			files = (
				603FFA3A1AFE098C007D747D /* LaunchScreen.xib in Resources */,
				603FFA5E1AFE0F47007D747D /* R2-D2.jpg in Resources */,
				603FFA7D1AFE852B007D747D /* chewbacca.caf in Resources */,
				603FFA811AFE852B007D747D /* vader.caf in Resources */,
				603FFA821AFE852B007D747D /* yoda.caf in Resources */,
				603FFA5F1AFE0F47007D747D /* tarkin.jpg in Resources */,
				603FFA801AFE852B007D747D /* tarkin.caf in Resources */,
				603FFA7F1AFE852B007D747D /* r2-d2.caf in Resources */,
				603FFA5B1AFE0F47007D747D /* chewbacca.jpg in Resources */,
				603FFA601AFE0F47007D747D /* yoda.jpg in Resources */,
				603FFA5D1AFE0F47007D747D /* palpatine.jpg in Resources */,
				603FFA5A1AFE0F47007D747D /* c3po.jpg in Resources */,
				603FFA7E1AFE852B007D747D /* palpatine.caf in Resources */,
				603FFA371AFE098C007D747D /* Images.xcassets in Resources */,
				603FFA7C1AFE852B007D747D /* c3po.caf in Resources */,
				603FFA731AFE6213007D747D /* CharacterViewController.xib in Resources */,
				603FFA5C1AFE0F47007D747D /* darthVader.jpg in Resources */,
			);
			runOnlyForDeploymentPostprocessing = 0;
		};
		603FFA3D1AFE098D007D747D /* Resources */ = {
			isa = PBXResourcesBuildPhase;
			buildActionMask = 2147483647;
			files = (
			);
			runOnlyForDeploymentPostprocessing = 0;
		};
/* End PBXResourcesBuildPhase section */

/* Begin PBXSourcesBuildPhase section */
		603FFA261AFE098C007D747D /* Sources */ = {
			isa = PBXSourcesBuildPhase;
			buildActionMask = 2147483647;
			files = (
				603FFA721AFE6213007D747D /* CharacterViewController.swift in Sources */,
				603FFA501AFE0AD1007D747D /* SwiftWarsCharacter.swift in Sources */,
				603FFA301AFE098C007D747D /* AppDelegate.swift in Sources */,
			);
			runOnlyForDeploymentPostprocessing = 0;
		};
		603FFA3B1AFE098D007D747D /* Sources */ = {
			isa = PBXSourcesBuildPhase;
			buildActionMask = 2147483647;
			files = (
				603FFA461AFE098D007D747D /* SwiftWarsTests.swift in Sources */,
			);
			runOnlyForDeploymentPostprocessing = 0;
		};
/* End PBXSourcesBuildPhase section */

/* Begin PBXTargetDependency section */
		603FFA411AFE098D007D747D /* PBXTargetDependency */ = {
			isa = PBXTargetDependency;
			target = 603FFA291AFE098C007D747D /* SwiftWars */;
			targetProxy = 603FFA401AFE098D007D747D /* PBXContainerItemProxy */;
		};
/* End PBXTargetDependency section */

/* Begin PBXVariantGroup section */
		603FFA381AFE098C007D747D /* LaunchScreen.xib */ = {
			isa = PBXVariantGroup;
			children = (
				603FFA391AFE098C007D747D /* Base */,
			);
			name = LaunchScreen.xib;
			sourceTree = "<group>";
		};
/* End PBXVariantGroup section */

/* Begin XCBuildConfiguration section */
		603FFA471AFE098D007D747D /* Debug */ = {
			isa = XCBuildConfiguration;
			buildSettings = {
				ALWAYS_SEARCH_USER_PATHS = NO;
				CLANG_CXX_LANGUAGE_STANDARD = "gnu++0x";
				CLANG_CXX_LIBRARY = "libc++";
				CLANG_ENABLE_MODULES = YES;
				CLANG_ENABLE_OBJC_ARC = YES;
				CLANG_WARN_BOOL_CONVERSION = YES;
				CLANG_WARN_CONSTANT_CONVERSION = YES;
				CLANG_WARN_DIRECT_OBJC_ISA_USAGE = YES_ERROR;
				CLANG_WARN_EMPTY_BODY = YES;
				CLANG_WARN_ENUM_CONVERSION = YES;
				CLANG_WARN_INT_CONVERSION = YES;
				CLANG_WARN_OBJC_ROOT_CLASS = YES_ERROR;
				CLANG_WARN_UNREACHABLE_CODE = YES;
				CLANG_WARN__DUPLICATE_METHOD_MATCH = YES;
				"CODE_SIGN_IDENTITY[sdk=iphoneos*]" = "iPhone Developer";
				COPY_PHASE_STRIP = NO;
				DEBUG_INFORMATION_FORMAT = "dwarf-with-dsym";
				ENABLE_STRICT_OBJC_MSGSEND = YES;
				GCC_C_LANGUAGE_STANDARD = gnu99;
				GCC_DYNAMIC_NO_PIC = NO;
				GCC_NO_COMMON_BLOCKS = YES;
				GCC_OPTIMIZATION_LEVEL = 0;
				GCC_PREPROCESSOR_DEFINITIONS = (
					"DEBUG=1",
					"$(inherited)",
				);
				GCC_SYMBOLS_PRIVATE_EXTERN = NO;
				GCC_WARN_64_TO_32_BIT_CONVERSION = YES;
				GCC_WARN_ABOUT_RETURN_TYPE = YES_ERROR;
				GCC_WARN_UNDECLARED_SELECTOR = YES;
				GCC_WARN_UNINITIALIZED_AUTOS = YES_AGGRESSIVE;
				GCC_WARN_UNUSED_FUNCTION = YES;
				GCC_WARN_UNUSED_VARIABLE = YES;
				IPHONEOS_DEPLOYMENT_TARGET = 8.3;
				MTL_ENABLE_DEBUG_INFO = YES;
				ONLY_ACTIVE_ARCH = YES;
				SDKROOT = iphoneos;
				SWIFT_OPTIMIZATION_LEVEL = "-Onone";
				TARGETED_DEVICE_FAMILY = 2;
			};
			name = Debug;
		};
		603FFA481AFE098D007D747D /* Release */ = {
			isa = XCBuildConfiguration;
			buildSettings = {
				ALWAYS_SEARCH_USER_PATHS = NO;
				CLANG_CXX_LANGUAGE_STANDARD = "gnu++0x";
				CLANG_CXX_LIBRARY = "libc++";
				CLANG_ENABLE_MODULES = YES;
				CLANG_ENABLE_OBJC_ARC = YES;
				CLANG_WARN_BOOL_CONVERSION = YES;
				CLANG_WARN_CONSTANT_CONVERSION = YES;
				CLANG_WARN_DIRECT_OBJC_ISA_USAGE = YES_ERROR;
				CLANG_WARN_EMPTY_BODY = YES;
				CLANG_WARN_ENUM_CONVERSION = YES;
				CLANG_WARN_INT_CONVERSION = YES;
				CLANG_WARN_OBJC_ROOT_CLASS = YES_ERROR;
				CLANG_WARN_UNREACHABLE_CODE = YES;
				CLANG_WARN__DUPLICATE_METHOD_MATCH = YES;
				"CODE_SIGN_IDENTITY[sdk=iphoneos*]" = "iPhone Developer";
				COPY_PHASE_STRIP = NO;
				DEBUG_INFORMATION_FORMAT = "dwarf-with-dsym";
				ENABLE_NS_ASSERTIONS = NO;
				ENABLE_STRICT_OBJC_MSGSEND = YES;
				GCC_C_LANGUAGE_STANDARD = gnu99;
				GCC_NO_COMMON_BLOCKS = YES;
				GCC_WARN_64_TO_32_BIT_CONVERSION = YES;
				GCC_WARN_ABOUT_RETURN_TYPE = YES_ERROR;
				GCC_WARN_UNDECLARED_SELECTOR = YES;
				GCC_WARN_UNINITIALIZED_AUTOS = YES_AGGRESSIVE;
				GCC_WARN_UNUSED_FUNCTION = YES;
				GCC_WARN_UNUSED_VARIABLE = YES;
				IPHONEOS_DEPLOYMENT_TARGET = 8.3;
				MTL_ENABLE_DEBUG_INFO = NO;
				SDKROOT = iphoneos;
				TARGETED_DEVICE_FAMILY = 2;
				VALIDATE_PRODUCT = YES;
			};
			name = Release;
		};
		603FFA4A1AFE098D007D747D /* Debug */ = {
			isa = XCBuildConfiguration;
			buildSettings = {
				ASSETCATALOG_COMPILER_APPICON_NAME = AppIcon;
				INFOPLIST_FILE = SwiftWars/Info.plist;
				LD_RUNPATH_SEARCH_PATHS = "$(inherited) @executable_path/Frameworks";
				PRODUCT_NAME = "$(TARGET_NAME)";
			};
			name = Debug;
		};
		603FFA4B1AFE098D007D747D /* Release */ = {
			isa = XCBuildConfiguration;
			buildSettings = {
				ASSETCATALOG_COMPILER_APPICON_NAME = AppIcon;
				INFOPLIST_FILE = SwiftWars/Info.plist;
				LD_RUNPATH_SEARCH_PATHS = "$(inherited) @executable_path/Frameworks";
				PRODUCT_NAME = "$(TARGET_NAME)";
			};
			name = Release;
		};
		603FFA4D1AFE098D007D747D /* Debug */ = {
			isa = XCBuildConfiguration;
			buildSettings = {
				BUNDLE_LOADER = "$(TEST_HOST)";
				FRAMEWORK_SEARCH_PATHS = (
					"$(SDKROOT)/Developer/Library/Frameworks",
					"$(inherited)",
				);
				GCC_PREPROCESSOR_DEFINITIONS = (
					"DEBUG=1",
					"$(inherited)",
				);
				INFOPLIST_FILE = SwiftWarsTests/Info.plist;
				LD_RUNPATH_SEARCH_PATHS = "$(inherited) @executable_path/Frameworks @loader_path/Frameworks";
				PRODUCT_NAME = "$(TARGET_NAME)";
				TEST_HOST = "$(BUILT_PRODUCTS_DIR)/SwiftWars.app/SwiftWars";
			};
			name = Debug;
		};
		603FFA4E1AFE098D007D747D /* Release */ = {
			isa = XCBuildConfiguration;
			buildSettings = {
				BUNDLE_LOADER = "$(TEST_HOST)";
				FRAMEWORK_SEARCH_PATHS = (
					"$(SDKROOT)/Developer/Library/Frameworks",
					"$(inherited)",
				);
				INFOPLIST_FILE = SwiftWarsTests/Info.plist;
				LD_RUNPATH_SEARCH_PATHS = "$(inherited) @executable_path/Frameworks @loader_path/Frameworks";
				PRODUCT_NAME = "$(TARGET_NAME)";
				TEST_HOST = "$(BUILT_PRODUCTS_DIR)/SwiftWars.app/SwiftWars";
			};
			name = Release;
		};
/* End XCBuildConfiguration section */

/* Begin XCConfigurationList section */
		603FFA251AFE098C007D747D /* Build configuration list for PBXProject "SwiftWars" */ = {
			isa = XCConfigurationList;
			buildConfigurations = (
				603FFA471AFE098D007D747D /* Debug */,
				603FFA481AFE098D007D747D /* Release */,
			);
			defaultConfigurationIsVisible = 0;
			defaultConfigurationName = Release;
		};
		603FFA491AFE098D007D747D /* Build configuration list for PBXNativeTarget "SwiftWars" */ = {
			isa = XCConfigurationList;
			buildConfigurations = (
				603FFA4A1AFE098D007D747D /* Debug */,
				603FFA4B1AFE098D007D747D /* Release */,
			);
			defaultConfigurationIsVisible = 0;
		};
		603FFA4C1AFE098D007D747D /* Build configuration list for PBXNativeTarget "SwiftWarsTests" */ = {
			isa = XCConfigurationList;
			buildConfigurations = (
				603FFA4D1AFE098D007D747D /* Debug */,
				603FFA4E1AFE098D007D747D /* Release */,
			);
			defaultConfigurationIsVisible = 0;
		};
/* End XCConfigurationList section */
	};
	rootObject = 603FFA221AFE098C007D747D /* Project object */;
}
